
Microsoft Visual Studio Solution File, Format Version 12.00
# Visual Studio Version 17
VisualStudioVersion = 17.7.34024.191
MinimumVisualStudioVersion = 10.0.40219.1
Project("{FAE04EC0-301F-11D3-BF4B-00C04F79EFBC}") = "Formkontrollsystem", "Formkontrollsystem.csproj", "{DD7F6761-4E19-4A9F-A0DE-D6FC9AF9CBB7}"
EndProject
Global
	GlobalSection(SolutionConfigurationPlatforms) = preSolution
		Debug|Any CPU = Debug|Any CPU
		Release|Any CPU = Release|Any CPU
	EndGlobalSection
	GlobalSection(ProjectConfigurationPlatforms) = postSolution
		{DD7F6761-4E19-4A9F-A0DE-D6FC9AF9CBB7}.Debug|Any CPU.ActiveCfg = Debug|Any CPU
		{DD7F6761-4E19-4A9F-A0DE-D6FC9AF9CBB7}.Debug|Any CPU.Build.0 = Debug|Any CPU
		{DD7F6761-4E19-4A9F-A0DE-D6FC9AF9CBB7}.Release|Any CPU.ActiveCfg = Release|Any CPU
		{DD7F6761-4E19-4A9F-A0DE-D6FC9AF9CBB7}.Release|Any CPU.Build.0 = Release|Any CPU
	EndGlobalSection
	GlobalSection(SolutionProperties) = preSolution
		HideSolutionNode = FALSE
	EndGlobalSection
	GlobalSection(ExtensibilityGlobals) = postSolution
		SolutionGuid = {11B927D1-23CA-400E-8059-10D045B26732}
	EndGlobalSection
EndGlobal
